
Microsoft Visual Studio Solution File, Format Version 12.00
# Visual Studio 15
VisualStudioVersion = 15.0.27703.2000
MinimumVisualStudioVersion = 10.0.40219.1
Project("{9A19103F-16F7-4668-BE54-9A1E7A4F7556}") = "GSKernel", "GSKernel\GSKernel.csproj", "{89BA46CD-5846-4018-BA89-9FF8CFBCB6D7}"
EndProject
Project("{9A19103F-16F7-4668-BE54-9A1E7A4F7556}") = "Protocol", "Protocol\Protocol.csproj", "{3A2A2967-D49E-4D93-800A-B7B29E78110F}"
EndProject
Project("{9A19103F-16F7-4668-BE54-9A1E7A4F7556}") = "Core", "Core\Core.csproj", "{E00A708F-EE98-4CF2-AFCE-B9E64E30FF87}"
EndProject
Project("{9A19103F-16F7-4668-BE54-9A1E7A4F7556}") = "Shared", "Shared\Shared.csproj", "{9B878720-CE44-49F0-AC59-FF2D6610BE0A}"
EndProject
Global
	GlobalSection(SolutionConfigurationPlatforms) = preSolution
		Debug|Any CPU = Debug|Any CPU
		Release|Any CPU = Release|Any CPU
	EndGlobalSection
	GlobalSection(ProjectConfigurationPlatforms) = postSolution
		{89BA46CD-5846-4018-BA89-9FF8CFBCB6D7}.Debug|Any CPU.ActiveCfg = Debug|Any CPU
		{89BA46CD-5846-4018-BA89-9FF8CFBCB6D7}.Debug|Any CPU.Build.0 = Debug|Any CPU
		{89BA46CD-5846-4018-BA89-9FF8CFBCB6D7}.Release|Any CPU.ActiveCfg = Release|Any CPU
		{89BA46CD-5846-4018-BA89-9FF8CFBCB6D7}.Release|Any CPU.Build.0 = Release|Any CPU
		{3A2A2967-D49E-4D93-800A-B7B29E78110F}.Debug|Any CPU.ActiveCfg = Debug|Any CPU
		{3A2A2967-D49E-4D93-800A-B7B29E78110F}.Debug|Any CPU.Build.0 = Debug|Any CPU
		{3A2A2967-D49E-4D93-800A-B7B29E78110F}.Release|Any CPU.ActiveCfg = Release|Any CPU
		{3A2A2967-D49E-4D93-800A-B7B29E78110F}.Release|Any CPU.Build.0 = Release|Any CPU
		{E00A708F-EE98-4CF2-AFCE-B9E64E30FF87}.Debug|Any CPU.ActiveCfg = Debug|Any CPU
		{E00A708F-EE98-4CF2-AFCE-B9E64E30FF87}.Debug|Any CPU.Build.0 = Debug|Any CPU
		{E00A708F-EE98-4CF2-AFCE-B9E64E30FF87}.Release|Any CPU.ActiveCfg = Release|Any CPU
		{E00A708F-EE98-4CF2-AFCE-B9E64E30FF87}.Release|Any CPU.Build.0 = Release|Any CPU
		{9B878720-CE44-49F0-AC59-FF2D6610BE0A}.Debug|Any CPU.ActiveCfg = Debug|Any CPU
		{9B878720-CE44-49F0-AC59-FF2D6610BE0A}.Debug|Any CPU.Build.0 = Debug|Any CPU
		{9B878720-CE44-49F0-AC59-FF2D6610BE0A}.Release|Any CPU.ActiveCfg = Release|Any CPU
		{9B878720-CE44-49F0-AC59-FF2D6610BE0A}.Release|Any CPU.Build.0 = Release|Any CPU
	EndGlobalSection
	GlobalSection(SolutionProperties) = preSolution
		HideSolutionNode = FALSE
	EndGlobalSection
	GlobalSection(ExtensibilityGlobals) = postSolution
		SolutionGuid = {D50D9040-A306-4A82-A2C8-5E5825FD349E}
	EndGlobalSection
EndGlobal
